
Microsoft Visual Studio Solution File, Format Version 12.00
# Visual Studio Version 16
VisualStudioVersion = 16.0.30804.86
MinimumVisualStudioVersion = 10.0.40219.1
Project("{9A19103F-16F7-4668-BE54-9A1E7A4F7556}") = "KMDJMS.WebAPI.Common", "KMDJMS\KMDJMS.WebAPI.Common.csproj", "{AE91EF83-752F-4C13-92A1-05E77847BB7B}"
EndProject
Project("{9A19103F-16F7-4668-BE54-9A1E7A4F7556}") = "KMDJMS.Common.Basic", "KMDJMS.Common.Basic\KMDJMS.Common.Basic.csproj", "{A3579B08-1848-4716-84B2-D11FC629DB22}"
EndProject
Project("{9A19103F-16F7-4668-BE54-9A1E7A4F7556}") = "KMDJMS.Common.Model", "KMDJMS.Common.Model\KMDJMS.Common.Model.csproj", "{E9758EFF-3A01-4C8B-A272-40FAC5529735}"
EndProject
Project("{9A19103F-16F7-4668-BE54-9A1E7A4F7556}") = "KMDJMS.Common.Repository", "KMDJMS.Common.Repository\KMDJMS.Common.Repository.csproj", "{110C7125-2283-48A8-B9C6-3B764183B810}"
EndProject
Project("{9A19103F-16F7-4668-BE54-9A1E7A4F7556}") = "KMDJMS.Common.Service", "KMDJMS.Common.Service\KMDJMS.Common.Service.csproj", "{65984E93-8A4F-42F0-9B77-4044D9E23AAE}"
EndProject
Project("{9A19103F-16F7-4668-BE54-9A1E7A4F7556}") = "KMDJMS.Common.Dto", "KMDJ.Common.Dto\KMDJMS.Common.Dto.csproj", "{DAB580EA-7128-4408-8756-8F5721F907BD}"
EndProject
Project("{2150E333-8FDC-42A3-9474-1A3956D46DE8}") = "Common", "Common", "{18F72EE8-6555-4131-896C-B35DA516D73C}"
EndProject
Project("{2150E333-8FDC-42A3-9474-1A3956D46DE8}") = "WebApi", "WebApi", "{633E87A9-2838-4AC9-B489-BADCF0B105F4}"
EndProject
Global
	GlobalSection(SolutionConfigurationPlatforms) = preSolution
		Debug|Any CPU = Debug|Any CPU
		Release|Any CPU = Release|Any CPU
	EndGlobalSection
	GlobalSection(ProjectConfigurationPlatforms) = postSolution
		{AE91EF83-752F-4C13-92A1-05E77847BB7B}.Debug|Any CPU.ActiveCfg = Debug|Any CPU
		{AE91EF83-752F-4C13-92A1-05E77847BB7B}.Debug|Any CPU.Build.0 = Debug|Any CPU
		{AE91EF83-752F-4C13-92A1-05E77847BB7B}.Release|Any CPU.ActiveCfg = Release|Any CPU
		{AE91EF83-752F-4C13-92A1-05E77847BB7B}.Release|Any CPU.Build.0 = Release|Any CPU
		{A3579B08-1848-4716-84B2-D11FC629DB22}.Debug|Any CPU.ActiveCfg = Debug|Any CPU
		{A3579B08-1848-4716-84B2-D11FC629DB22}.Debug|Any CPU.Build.0 = Debug|Any CPU
		{A3579B08-1848-4716-84B2-D11FC629DB22}.Release|Any CPU.ActiveCfg = Release|Any CPU
		{A3579B08-1848-4716-84B2-D11FC629DB22}.Release|Any CPU.Build.0 = Release|Any CPU
		{E9758EFF-3A01-4C8B-A272-40FAC5529735}.Debug|Any CPU.ActiveCfg = Debug|Any CPU
		{E9758EFF-3A01-4C8B-A272-40FAC5529735}.Debug|Any CPU.Build.0 = Debug|Any CPU
		{E9758EFF-3A01-4C8B-A272-40FAC5529735}.Release|Any CPU.ActiveCfg = Release|Any CPU
		{E9758EFF-3A01-4C8B-A272-40FAC5529735}.Release|Any CPU.Build.0 = Release|Any CPU
		{110C7125-2283-48A8-B9C6-3B764183B810}.Debug|Any CPU.ActiveCfg = Debug|Any CPU
		{110C7125-2283-48A8-B9C6-3B764183B810}.Debug|Any CPU.Build.0 = Debug|Any CPU
		{110C7125-2283-48A8-B9C6-3B764183B810}.Release|Any CPU.ActiveCfg = Release|Any CPU
		{110C7125-2283-48A8-B9C6-3B764183B810}.Release|Any CPU.Build.0 = Release|Any CPU
		{65984E93-8A4F-42F0-9B77-4044D9E23AAE}.Debug|Any CPU.ActiveCfg = Debug|Any CPU
		{65984E93-8A4F-42F0-9B77-4044D9E23AAE}.Debug|Any CPU.Build.0 = Debug|Any CPU
		{65984E93-8A4F-42F0-9B77-4044D9E23AAE}.Release|Any CPU.ActiveCfg = Release|Any CPU
		{65984E93-8A4F-42F0-9B77-4044D9E23AAE}.Release|Any CPU.Build.0 = Release|Any CPU
		{DAB580EA-7128-4408-8756-8F5721F907BD}.Debug|Any CPU.ActiveCfg = Debug|Any CPU
		{DAB580EA-7128-4408-8756-8F5721F907BD}.Debug|Any CPU.Build.0 = Debug|Any CPU
		{DAB580EA-7128-4408-8756-8F5721F907BD}.Release|Any CPU.ActiveCfg = Release|Any CPU
		{DAB580EA-7128-4408-8756-8F5721F907BD}.Release|Any CPU.Build.0 = Release|Any CPU
	EndGlobalSection
	GlobalSection(SolutionProperties) = preSolution
		HideSolutionNode = FALSE
	EndGlobalSection
	GlobalSection(NestedProjects) = preSolution
		{AE91EF83-752F-4C13-92A1-05E77847BB7B} = {633E87A9-2838-4AC9-B489-BADCF0B105F4}
		{A3579B08-1848-4716-84B2-D11FC629DB22} = {18F72EE8-6555-4131-896C-B35DA516D73C}
		{E9758EFF-3A01-4C8B-A272-40FAC5529735} = {18F72EE8-6555-4131-896C-B35DA516D73C}
		{110C7125-2283-48A8-B9C6-3B764183B810} = {18F72EE8-6555-4131-896C-B35DA516D73C}
		{65984E93-8A4F-42F0-9B77-4044D9E23AAE} = {18F72EE8-6555-4131-896C-B35DA516D73C}
		{DAB580EA-7128-4408-8756-8F5721F907BD} = {18F72EE8-6555-4131-896C-B35DA516D73C}
	EndGlobalSection
	GlobalSection(ExtensibilityGlobals) = postSolution
		SolutionGuid = {9D629B2E-A520-42C0-936F-9B5C54B6E1B8}
	EndGlobalSection
EndGlobal
